github.com/andelf/go-curl v0.0.0-20200630032108-fd49ff24ed97 h1:Nyfs+rh56aORy2tGMI9GCYEqTfePwL1v47qOzebfv/o=
github.com/andelf/go-curl v0.0.0-20200630032108-fd49ff24ed97/go.mod h1:WO1d2m1QDzkoPcgn9lgHVMi7qQR5j3jxYjIIvMTHpC0=
github.com/grokify/html-strip-tags-go v0.0.1 h1:0fThFwLbW7P/kOiTBs03FsJSV9RM2M/Q/MOnCQxKMo0=
github.com/grokify/html-strip-tags-go v0.0.1/go.mod h1:2Su6romC5/1VXOQMaWL2yb618ARB8iVo6/DR99A6d78=
